# Generated by pub
# See http://pub.dartlang.org/doc/glossary.html#lockfile
packages:
  analyzer:
    description:
      name: analyzer
      url: "https://pub.dartlang.org"
    source: hosted
    version: "0.29.10"
  angel_auth:
    description:
      name: angel_auth
      url: "https://pub.dartlang.org"
    source: hosted
    version: "1.0.2"
  angel_client:
    description:
      name: angel_client
      url: "https://pub.dartlang.org"
    source: hosted
    version: "1.0.4"
  angel_common:
    description:
      name: angel_common
      url: "https://pub.dartlang.org"
    source: hosted
    version: "1.0.0"
  angel_compress:
    description:
      name: angel_compress
      url: "https://pub.dartlang.org"
    source: hosted
    version: "1.0.0+2"
  angel_configuration:
    description:
      name: angel_configuration
      url: "https://pub.dartlang.org"
    source: hosted
    version: "1.0.3"
  angel_cors:
    description:
      name: angel_cors
      url: "https://pub.dartlang.org"
    source: hosted
    version: "1.0.0+1"
  angel_diagnostics:
    description:
      name: angel_diagnostics
      url: "https://pub.dartlang.org"
    source: hosted
    version: "1.0.1"
  angel_errors:
    description:
      name: angel_errors
      url: "https://pub.dartlang.org"
    source: hosted
    version: "1.0.0"
  angel_file_security:
    description:
      name: angel_file_security
      url: "https://pub.dartlang.org"
    source: hosted
    version: "1.0.1"
  angel_framework:
    description:
      name: angel_framework
      url: "https://pub.dartlang.org"
    source: hosted
    version: "1.0.1"
  angel_mongo:
    description:
      name: angel_mongo
      url: "https://pub.dartlang.org"
    source: hosted
    version: "1.1.5"
  angel_mustache:
    description:
      name: angel_mustache
      url: "https://pub.dartlang.org"
    source: hosted
    version: "1.0.3"
  angel_proxy:
    description:
      name: angel_proxy
      url: "https://pub.dartlang.org"
    source: hosted
    version: "1.0.2"
  angel_relations:
    description:
      name: angel_relations
      url: "https://pub.dartlang.org"
    source: hosted
    version: "1.0.1"
  angel_route:
    description:
      name: angel_route
      url: "https://pub.dartlang.org"
    source: hosted
    version: "1.0.3"
  angel_static:
    description:
      name: angel_static
      url: "https://pub.dartlang.org"
    source: hosted
    version: "1.1.4"
  angel_test:
    description:
      name: angel_test
      url: "https://pub.dartlang.org"
    source: hosted
    version: "1.0.4"
  angel_validate:
    description:
      name: angel_validate
      url: "https://pub.dartlang.org"
    source: hosted
    version: "1.0.1"
  angel_websocket:
    description:
      name: angel_websocket
      url: "https://pub.dartlang.org"
    source: hosted
    version: "1.0.5"
  args:
    description:
      name: args
      url: "https://pub.dartlang.org"
    source: hosted
    version: "0.13.7"
  async:
    description:
      name: async
      url: "https://pub.dartlang.org"
    source: hosted
    version: "1.13.2"
  barback:
    description:
      name: barback
      url: "https://pub.dartlang.org"
    source: hosted
    version: "0.15.2+10"
  body_parser:
    description:
      name: body_parser
      url: "https://pub.dartlang.org"
    source: hosted
    version: "1.0.1"
  bson:
    description:
      name: bson
      url: "https://pub.dartlang.org"
    source: hosted
    version: "0.2.0"
  charcode:
    description:
      name: charcode
      url: "https://pub.dartlang.org"
    source: hosted
    version: "1.1.1"
  cli_util:
    description:
      name: cli_util
      url: "https://pub.dartlang.org"
    source: hosted
    version: "0.0.1+2"
  collection:
    description:
      name: collection
      url: "https://pub.dartlang.org"
    source: hosted
    version: "1.13.0"
  console:
    description:
      name: console
      url: "https://pub.dartlang.org"
    source: hosted
    version: "2.2.4"
  container:
    description:
      name: container
      url: "https://pub.dartlang.org"
    source: hosted
    version: "0.1.2"
  convert:
    description:
      name: convert
      url: "https://pub.dartlang.org"
    source: hosted
    version: "2.0.1"
  crypto:
    description:
      name: crypto
      url: "https://pub.dartlang.org"
    source: hosted
    version: "2.0.1"
  csslib:
    description:
      name: csslib
      url: "https://pub.dartlang.org"
    source: hosted
    version: "0.13.5"
  fixnum:
    description:
      name: fixnum
      url: "https://pub.dartlang.org"
    source: hosted
    version: "0.10.5"
  flatten:
    description:
      name: flatten
      url: "https://pub.dartlang.org"
    source: hosted
    version: "1.0.0"
  fnx_profiler:
    description:
      name: fnx_profiler
      url: "https://pub.dartlang.org"
    source: hosted
    version: "0.9.1"
  glob:
    description:
      name: glob
      url: "https://pub.dartlang.org"
    source: hosted
    version: "1.1.3"
  html:
    description:
      name: html
      url: "https://pub.dartlang.org"
    source: hosted
    version: "0.13.1"
  http:
    description:
      name: http
      url: "https://pub.dartlang.org"
    source: hosted
    version: "0.11.3+9"
  http_parser:
    description:
      name: http_parser
      url: "https://pub.dartlang.org"
    source: hosted
    version: "3.1.1"
  http_server:
    description:
      name: http_server
      url: "https://pub.dartlang.org"
    source: hosted
    version: "0.9.6"
  intl:
    description:
      name: intl
      url: "https://pub.dartlang.org"
    source: hosted
    version: "0.15.0"
  isolate:
    description:
      name: isolate
      url: "https://pub.dartlang.org"
    source: hosted
    version: "1.0.0"
  json_god:
    description:
      name: json_god
      url: "https://pub.dartlang.org"
    source: hosted
    version: "2.0.0-beta+1"
  logging:
    description:
      name: logging
      url: "https://pub.dartlang.org"
    source: hosted
    version: "0.11.3+1"
  matcher:
    description:
      name: matcher
      url: "https://pub.dartlang.org"
    source: hosted
    version: "0.12.0+2"
  merge_map:
    description:
      name: merge_map
      url: "https://pub.dartlang.org"
    source: hosted
    version: "1.0.0"
  meta:
    description:
      name: meta
      url: "https://pub.dartlang.org"
    source: hosted
    version: "1.0.5"
  mime:
    description:
      name: mime
      url: "https://pub.dartlang.org"
    source: hosted
    version: "0.9.3"
  mock_request:
    description:
      name: mock_request
      url: "https://pub.dartlang.org"
    source: hosted
    version: "1.0.0"
  mongo_dart:
    description:
      name: mongo_dart
      url: "https://pub.dartlang.org"
    source: hosted
    version: "0.2.10"
  mongo_dart_query:
    description:
      name: mongo_dart_query
      url: "https://pub.dartlang.org"
    source: hosted
    version: "0.2.2"
  more:
    description:
      name: more
      url: "https://pub.dartlang.org"
    source: hosted
    version: "1.6.0"
  mustache4dart:
    description:
      name: mustache4dart
      url: "https://pub.dartlang.org"
    source: hosted
    version: "1.0.10"
  package_config:
    description:
      name: package_config
      url: "https://pub.dartlang.org"
    source: hosted
    version: "1.0.0"
  path:
    description:
      name: path
      url: "https://pub.dartlang.org"
    source: hosted
    version: "1.4.1"
  plugin:
    description:
      name: plugin
      url: "https://pub.dartlang.org"
    source: hosted
    version: "0.2.0"
  pool:
    description:
      name: pool
      url: "https://pub.dartlang.org"
    source: hosted
    version: "1.3.0"
  quiver:
    description:
      name: quiver
      url: "https://pub.dartlang.org"
    source: hosted
    version: "0.21.4"
  random_string:
    description:
      name: random_string
      url: "https://pub.dartlang.org"
    source: hosted
    version: "0.0.1"
  source_span:
    description:
      name: source_span
      url: "https://pub.dartlang.org"
    source: hosted
    version: "1.3.1"
  stack_trace:
    description:
      name: stack_trace
      url: "https://pub.dartlang.org"
    source: hosted
    version: "1.7.1"
  stream_channel:
    description:
      name: stream_channel
      url: "https://pub.dartlang.org"
    source: hosted
    version: "1.6.1"
  string_scanner:
    description:
      name: string_scanner
      url: "https://pub.dartlang.org"
    source: hosted
    version: "1.0.1"
  typed_data:
    description:
      name: typed_data
      url: "https://pub.dartlang.org"
    source: hosted
    version: "1.1.3"
  utf:
    description:
      name: utf
      url: "https://pub.dartlang.org"
    source: hosted
    version: "0.9.0+3"
  uuid:
    description:
      name: uuid
      url: "https://pub.dartlang.org"
    source: hosted
    version: "0.5.3"
  vector_math:
    description:
      name: vector_math
      url: "https://pub.dartlang.org"
    source: hosted
    version: "1.4.7"
  watcher:
    description:
      name: watcher
      url: "https://pub.dartlang.org"
    source: hosted
    version: "0.9.7+3"
  web_socket_channel:
    description:
      name: web_socket_channel
      url: "https://pub.dartlang.org"
    source: hosted
    version: "1.0.4"
  when:
    description:
      name: when
      url: "https://pub.dartlang.org"
    source: hosted
    version: "0.2.0"
  which:
    description:
      name: which
      url: "https://pub.dartlang.org"
    source: hosted
    version: "0.1.3"
  yaml:
    description:
      name: yaml
      url: "https://pub.dartlang.org"
    source: hosted
    version: "2.1.12"
sdks:
  dart: ">=1.22.0 <2.0.0"
