# Generated by pub
# See http://pub.dartlang.org/doc/glossary.html#lockfile
packages:
  async:
    description:
      name: async
      url: "https://pub.dartlang.org"
    source: hosted
    version: "1.13.2"
  bson:
    description:
      name: bson
      url: "https://pub.dartlang.org"
    source: hosted
    version: "0.2.0"
  charcode:
    description:
      name: charcode
      url: "https://pub.dartlang.org"
    source: hosted
    version: "1.1.1"
  collection:
    description:
      name: collection
      url: "https://pub.dartlang.org"
    source: hosted
    version: "1.13.0"
  convert:
    description:
      name: convert
      url: "https://pub.dartlang.org"
    source: hosted
    version: "2.0.1"
  crypto:
    description:
      name: crypto
      url: "https://pub.dartlang.org"
    source: hosted
    version: "2.0.1"
  fixnum:
    description:
      name: fixnum
      url: "https://pub.dartlang.org"
    source: hosted
    version: "0.10.5"
  http:
    description:
      name: http
      url: "https://pub.dartlang.org"
    source: hosted
    version: "0.11.3+9"
  http_parser:
    description:
      name: http_parser
      url: "https://pub.dartlang.org"
    source: hosted
    version: "3.1.1"
  http_server:
    description:
      name: http_server
      url: "https://pub.dartlang.org"
    source: hosted
    version: "0.9.6"
  logging:
    description:
      name: logging
      url: "https://pub.dartlang.org"
    source: hosted
    version: "0.11.3+1"
  matcher:
    description:
      name: matcher
      url: "https://pub.dartlang.org"
    source: hosted
    version: "0.12.0+2"
  md_proc:
    description:
      name: md_proc
      url: "https://pub.dartlang.org"
    source: hosted
    version: "0.7.5"
  mime:
    description:
      name: mime
      url: "https://pub.dartlang.org"
    source: hosted
    version: "0.9.3"
  mongo_dart:
    description:
      name: mongo_dart
      url: "https://pub.dartlang.org"
    source: hosted
    version: "0.2.10"
  mongo_dart_query:
    description:
      name: mongo_dart_query
      url: "https://pub.dartlang.org"
    source: hosted
    version: "0.2.2"
  more:
    description:
      name: more
      url: "https://pub.dartlang.org"
    source: hosted
    version: "1.6.0"
  mustache4dart:
    description:
      name: mustache4dart
      url: "https://pub.dartlang.org"
    source: hosted
    version: "1.0.10"
  parsers:
    description:
      name: parsers
      url: "https://pub.dartlang.org"
    source: hosted
    version: "0.14.5"
  path:
    description:
      name: path
      url: "https://pub.dartlang.org"
    source: hosted
    version: "1.4.1"
  persistent:
    description:
      name: persistent
      url: "https://pub.dartlang.org"
    source: hosted
    version: "0.8.3"
  quiver:
    description:
      name: quiver
      url: "https://pub.dartlang.org"
    source: hosted
    version: "0.21.4"
  source_span:
    description:
      name: source_span
      url: "https://pub.dartlang.org"
    source: hosted
    version: "1.3.1"
  stack_trace:
    description:
      name: stack_trace
      url: "https://pub.dartlang.org"
    source: hosted
    version: "1.7.1"
  string_scanner:
    description:
      name: string_scanner
      url: "https://pub.dartlang.org"
    source: hosted
    version: "1.0.1"
  typed_data:
    description:
      name: typed_data
      url: "https://pub.dartlang.org"
    source: hosted
    version: "1.1.3"
  uri:
    description:
      name: uri
      url: "https://pub.dartlang.org"
    source: hosted
    version: "0.11.0"
  utf:
    description:
      name: utf
      url: "https://pub.dartlang.org"
    source: hosted
    version: "0.9.0+3"
  uuid:
    description:
      name: uuid
      url: "https://pub.dartlang.org"
    source: hosted
    version: "0.5.3"
  vane:
    description:
      name: vane
      url: "https://pub.dartlang.org"
    source: hosted
    version: "0.8.2+1"
  watcher:
    description:
      name: watcher
      url: "https://pub.dartlang.org"
    source: hosted
    version: "0.9.7+3"
  yaml:
    description:
      name: yaml
      url: "https://pub.dartlang.org"
    source: hosted
    version: "2.1.12"
sdks:
  dart: ">=1.22.0 <2.0.0"
